
Microsoft Visual Studio Solution File, Format Version 11.00
# Visual Studio 2010
Project("{FAE04EC0-301F-11D3-BF4B-00C04F79EFBC}") = "javascript", "Assembly-CSharp.csproj", "{F0FA9092-9EEE-DB59-E313-4DD6F3B8B9BE}"
EndProject
Project("{FAE04EC0-301F-11D3-BF4B-00C04F79EFBC}") = "javascript", "Assembly-CSharp-firstpass.csproj", "{FE6B8036-CACF-9939-0E53-0C9AD0DAE0B1}"
EndProject
Project("{FAE04EC0-301F-11D3-BF4B-00C04F79EFBC}") = "javascript", "Assembly-CSharp-Editor-firstpass.csproj", "{26BB1896-E997-4D1D-B2C3-373C9E888376}"
EndProject
Project("{FAE04EC0-301F-11D3-BF4B-00C04F79EFBC}") = "javascript", "Assembly-CSharp-Editor.csproj", "{F9DE6BE1-B6AD-963C-7608-BA8240C4A934}"
EndProject
Global
	GlobalSection(SolutionConfigurationPlatforms) = preSolution
		Debug|Any CPU = Debug|Any CPU
		Release|Any CPU = Release|Any CPU
	EndGlobalSection
	GlobalSection(ProjectConfigurationPlatforms) = postSolution
		{F0FA9092-9EEE-DB59-E313-4DD6F3B8B9BE}.Debug|Any CPU.ActiveCfg = Debug|Any CPU
		{F0FA9092-9EEE-DB59-E313-4DD6F3B8B9BE}.Debug|Any CPU.Build.0 = Debug|Any CPU
		{F0FA9092-9EEE-DB59-E313-4DD6F3B8B9BE}.Release|Any CPU.ActiveCfg = Release|Any CPU
		{F0FA9092-9EEE-DB59-E313-4DD6F3B8B9BE}.Release|Any CPU.Build.0 = Release|Any CPU
		{FE6B8036-CACF-9939-0E53-0C9AD0DAE0B1}.Debug|Any CPU.ActiveCfg = Debug|Any CPU
		{FE6B8036-CACF-9939-0E53-0C9AD0DAE0B1}.Debug|Any CPU.Build.0 = Debug|Any CPU
		{FE6B8036-CACF-9939-0E53-0C9AD0DAE0B1}.Release|Any CPU.ActiveCfg = Release|Any CPU
		{FE6B8036-CACF-9939-0E53-0C9AD0DAE0B1}.Release|Any CPU.Build.0 = Release|Any CPU
		{26BB1896-E997-4D1D-B2C3-373C9E888376}.Debug|Any CPU.ActiveCfg = Debug|Any CPU
		{26BB1896-E997-4D1D-B2C3-373C9E888376}.Debug|Any CPU.Build.0 = Debug|Any CPU
		{26BB1896-E997-4D1D-B2C3-373C9E888376}.Release|Any CPU.ActiveCfg = Release|Any CPU
		{26BB1896-E997-4D1D-B2C3-373C9E888376}.Release|Any CPU.Build.0 = Release|Any CPU
		{F9DE6BE1-B6AD-963C-7608-BA8240C4A934}.Debug|Any CPU.ActiveCfg = Debug|Any CPU
		{F9DE6BE1-B6AD-963C-7608-BA8240C4A934}.Debug|Any CPU.Build.0 = Debug|Any CPU
		{F9DE6BE1-B6AD-963C-7608-BA8240C4A934}.Release|Any CPU.ActiveCfg = Release|Any CPU
		{F9DE6BE1-B6AD-963C-7608-BA8240C4A934}.Release|Any CPU.Build.0 = Release|Any CPU
	EndGlobalSection
	GlobalSection(SolutionProperties) = preSolution
		HideSolutionNode = FALSE
	EndGlobalSection
	GlobalSection(MonoDevelopProperties) = preSolution
		StartupItem = Assembly-CSharp.csproj
	EndGlobalSection
EndGlobal
